
Microsoft Visual Studio Solution File, Format Version 12.00
# Visual Studio Version 17
VisualStudioVersion = 17.0.32112.339
MinimumVisualStudioVersion = 10.0.40219.1
Project("{FAE04EC0-301F-11D3-BF4B-00C04F79EFBC}") = "Multithread første dag - Øvelse 1 + 2", "Multithread første dag - Øvelse 1 + 2\Multithread første dag - Øvelse 1 + 2.csproj", "{E61B2263-FCC5-4654-B9A8-4F2FE1855A26}"
EndProject
Project("{FAE04EC0-301F-11D3-BF4B-00C04F79EFBC}") = "Multithread første dag - Øvelse 3", "Multithread første dag - Øvelse 3\Multithread første dag - Øvelse 3.csproj", "{55C82AD0-3718-45B7-B1C7-E5C5BA7F5890}"
EndProject
Project("{FAE04EC0-301F-11D3-BF4B-00C04F79EFBC}") = "Multithread første dag - Øvelse 4", "Multithread første dag - Øvelse 4\Multithread første dag - Øvelse 4.csproj", "{0F877E16-EA45-4F11-BA9D-8E2DA8C58E21}"
EndProject
Global
	GlobalSection(SolutionConfigurationPlatforms) = preSolution
		Debug|Any CPU = Debug|Any CPU
		Release|Any CPU = Release|Any CPU
	EndGlobalSection
	GlobalSection(ProjectConfigurationPlatforms) = postSolution
		{E61B2263-FCC5-4654-B9A8-4F2FE1855A26}.Debug|Any CPU.ActiveCfg = Debug|Any CPU
		{E61B2263-FCC5-4654-B9A8-4F2FE1855A26}.Debug|Any CPU.Build.0 = Debug|Any CPU
		{E61B2263-FCC5-4654-B9A8-4F2FE1855A26}.Release|Any CPU.ActiveCfg = Release|Any CPU
		{E61B2263-FCC5-4654-B9A8-4F2FE1855A26}.Release|Any CPU.Build.0 = Release|Any CPU
		{55C82AD0-3718-45B7-B1C7-E5C5BA7F5890}.Debug|Any CPU.ActiveCfg = Debug|Any CPU
		{55C82AD0-3718-45B7-B1C7-E5C5BA7F5890}.Debug|Any CPU.Build.0 = Debug|Any CPU
		{55C82AD0-3718-45B7-B1C7-E5C5BA7F5890}.Release|Any CPU.ActiveCfg = Release|Any CPU
		{55C82AD0-3718-45B7-B1C7-E5C5BA7F5890}.Release|Any CPU.Build.0 = Release|Any CPU
		{0F877E16-EA45-4F11-BA9D-8E2DA8C58E21}.Debug|Any CPU.ActiveCfg = Debug|Any CPU
		{0F877E16-EA45-4F11-BA9D-8E2DA8C58E21}.Debug|Any CPU.Build.0 = Debug|Any CPU
		{0F877E16-EA45-4F11-BA9D-8E2DA8C58E21}.Release|Any CPU.ActiveCfg = Release|Any CPU
		{0F877E16-EA45-4F11-BA9D-8E2DA8C58E21}.Release|Any CPU.Build.0 = Release|Any CPU
	EndGlobalSection
	GlobalSection(SolutionProperties) = preSolution
		HideSolutionNode = FALSE
	EndGlobalSection
	GlobalSection(ExtensibilityGlobals) = postSolution
		SolutionGuid = {978C4DDA-BEAA-4078-B1D1-7884F985EE86}
	EndGlobalSection
EndGlobal
